
Microsoft Visual Studio Solution File, Format Version 12.00
# Visual Studio Version 17
VisualStudioVersion = 17.14.36915.13 d17.14
MinimumVisualStudioVersion = 10.0.40219.1
Project("{FAE04EC0-301F-11D3-BF4B-00C04F79EFBC}") = "AgenteTradingIA", "AgenteTradingIA\AgenteTradingIA.csproj", "{EC9253B6-4771-4371-8FC6-31D03D7B4707}"
EndProject
Global
	GlobalSection(SolutionConfigurationPlatforms) = preSolution
		Debug|Any CPU = Debug|Any CPU
		Release|Any CPU = Release|Any CPU
	EndGlobalSection
	GlobalSection(ProjectConfigurationPlatforms) = postSolution
		{EC9253B6-4771-4371-8FC6-31D03D7B4707}.Debug|Any CPU.ActiveCfg = Debug|Any CPU
		{EC9253B6-4771-4371-8FC6-31D03D7B4707}.Debug|Any CPU.Build.0 = Debug|Any CPU
		{EC9253B6-4771-4371-8FC6-31D03D7B4707}.Release|Any CPU.ActiveCfg = Release|Any CPU
		{EC9253B6-4771-4371-8FC6-31D03D7B4707}.Release|Any CPU.Build.0 = Release|Any CPU
	EndGlobalSection
	GlobalSection(SolutionProperties) = preSolution
		HideSolutionNode = FALSE
	EndGlobalSection
	GlobalSection(ExtensibilityGlobals) = postSolution
		SolutionGuid = {1FA1D11F-7017-4DF8-801F-BB6FA649569B}
	EndGlobalSection
EndGlobal
